
Microsoft Visual Studio Solution File, Format Version 12.00
# Visual Studio Version 16
VisualStudioVersion = 16.0.31019.35
MinimumVisualStudioVersion = 10.0.40219.1
Project("{FAE04EC0-301F-11D3-BF4B-00C04F79EFBC}") = "Roommates", "Roommates\Roommates.csproj", "{0738439E-4925-4297-8BB8-AFDC91192DAC}"
EndProject
Global
	GlobalSection(SolutionConfigurationPlatforms) = preSolution
		Debug|Any CPU = Debug|Any CPU
		Release|Any CPU = Release|Any CPU
	EndGlobalSection
	GlobalSection(ProjectConfigurationPlatforms) = postSolution
		{0738439E-4925-4297-8BB8-AFDC91192DAC}.Debug|Any CPU.ActiveCfg = Debug|Any CPU
		{0738439E-4925-4297-8BB8-AFDC91192DAC}.Debug|Any CPU.Build.0 = Debug|Any CPU
		{0738439E-4925-4297-8BB8-AFDC91192DAC}.Release|Any CPU.ActiveCfg = Release|Any CPU
		{0738439E-4925-4297-8BB8-AFDC91192DAC}.Release|Any CPU.Build.0 = Release|Any CPU
	EndGlobalSection
	GlobalSection(SolutionProperties) = preSolution
		HideSolutionNode = FALSE
	EndGlobalSection
	GlobalSection(ExtensibilityGlobals) = postSolution
		SolutionGuid = {19258EA5-C966-4E6A-A8B5-BF0C99516F34}
	EndGlobalSection
EndGlobal
